<?xml version="1.0" encoding="utf-8"?>
<Project ToolsVersion="4.0" xmlns="http://schemas.microsoft.com/developer/msbuild/2003">
  <ItemGroup>
    <ClCompile Include="Astronaut.cpp">
      <Filter>Astronaut</Filter>
    </ClCompile>
    <ClCompile Include="Vessel.cpp">
      <Filter>Vessel</Filter>
    </ClCompile>
  </ItemGroup>
  <ItemGroup>
    <ClInclude Include="CoreCommon.h" />
    <ClInclude Include="CoreDefs.h" />
    <ClInclude Include="..\Common.h" />
    <ClInclude Include="Astronaut.h">
      <Filter>Astronaut</Filter>
    </ClInclude>
    <ClInclude Include="Vessel.h">
      <Filter>Vessel</Filter>
    </ClInclude>
  </ItemGroup>
  <ItemGroup>
    <Filter Include="Astronaut">
      <UniqueIdentifier>{74cbb5f6-3094-49a5-9816-54d6038def6a}</UniqueIdentifier>
    </Filter>
    <Filter Include="Vessel">
      <UniqueIdentifier>{193fabff-2f2d-4047-b5e8-f542d3c4108d}</UniqueIdentifier>
    </Filter>
  </ItemGroup>
</Project>