<?xml version="1.0" encoding="utf-8"?>
<Project ToolsVersion="4.0" xmlns="http://schemas.microsoft.com/developer/msbuild/2003">
  <ItemGroup>
    <Filter Include="Astronaut">
      <UniqueIdentifier>{fbf86341-dd03-4c3f-8675-349ae447a7a8}</UniqueIdentifier>
    </Filter>
    <Filter Include="Vessel">
      <UniqueIdentifier>{7dde04f1-1059-4374-8fc1-491737dbb97f}</UniqueIdentifier>
    </Filter>
  </ItemGroup>
  <ItemGroup>
    <ClCompile Include="AstronautImpl.cpp">
      <Filter>Astronaut</Filter>
    </ClCompile>
    <ClCompile Include="VesselImpl.cpp">
      <Filter>Vessel</Filter>
    </ClCompile>
  </ItemGroup>
  <ItemGroup>
    <ClInclude Include="CoreCommon.h" />
    <ClInclude Include="CoreDefs.h" />
    <ClInclude Include="..\Common.h" />
    <ClInclude Include="AstronautImpl.h">
      <Filter>Astronaut</Filter>
    </ClInclude>
    <ClInclude Include="VesselImpl.h">
      <Filter>Vessel</Filter>
    </ClInclude>
  </ItemGroup>
</Project>